# THIS IS AN AUTOGENERATED FILE. DO NOT EDIT THIS FILE DIRECTLY.
# yarn lockfile v1


"@types/node@^12.0.2":
  version "12.0.2"
  resolved "https://registry.yarnpkg.com/@types/node/-/node-12.0.2.tgz#3452a24edf9fea138b48fad4a0a028a683da1e40"

ansi-align@^2.0.0:
  version "2.0.0"
  resolved "https://registry.yarnpkg.com/ansi-align/-/ansi-align-2.0.0.tgz#c36aeccba563b89ceb556f3690f0b1d9e3547f7f"
  dependencies:
    string-width "^2.0.0"

ansi-regex@^2.0.0:
  version "2.1.1"
  resolved "https://registry.yarnpkg.com/ansi-regex/-/ansi-regex-2.1.1.tgz#c3b33ab5ee360d86e0e628f0468ae7ef27d654df"

ansi-regex@^3.0.0:
  version "3.0.0"
  resolved "https://registry.yarnpkg.com/ansi-regex/-/ansi-regex-3.0.0.tgz#ed0317c322064f79466c02966bddb605ab37d998"

ansi-styles@^2.2.1:
  version "2.2.1"
  resolved "https://registry.yarnpkg.com/ansi-styles/-/ansi-styles-2.2.1.tgz#b432dd3358b634cf75e1e4664368240533c1ddbe"

ansi-styles@^3.2.1:
  version "3.2.1"
  resolved "https://registry.yarnpkg.com/ansi-styles/-/ansi-styles-3.2.1.tgz#41fbb20243e50b12be0f04b8dedbf07520ce841d"
  dependencies:
    color-convert "^1.9.0"

argparse@^1.0.7:
  version "1.0.10"
  resolved "https://registry.yarnpkg.com/argparse/-/argparse-1.0.10.tgz#bcd6791ea5ae09725e17e5ad988134cd40b3d911"
  dependencies:
    sprintf-js "~1.0.2"

babel-code-frame@^6.26.0:
  version "6.26.0"
  resolved "https://registry.yarnpkg.com/babel-code-frame/-/babel-code-frame-6.26.0.tgz#63fd43f7dc1e3bb7ce35947db8fe369a3f58c74b"
  dependencies:
    chalk "^1.1.3"
    esutils "^2.0.2"
    js-tokens "^3.0.2"

balanced-match@^1.0.0:
  version "1.0.0"
  resolved "https://registry.yarnpkg.com/balanced-match/-/balanced-match-1.0.0.tgz#89b4d199ab2bee49de164ea02b89ce462d71b767"

boxen@^1.2.1:
  version "1.3.0"
  resolved "https://registry.yarnpkg.com/boxen/-/boxen-1.3.0.tgz#55c6c39a8ba58d9c61ad22cd877532deb665a20b"
  dependencies:
    ansi-align "^2.0.0"
    camelcase "^4.0.0"
    chalk "^2.0.1"
    cli-boxes "^1.0.0"
    string-width "^2.0.0"
    term-size "^1.2.0"
    widest-line "^2.0.0"

brace-expansion@^1.1.7:
  version "1.1.11"
  resolved "https://registry.yarnpkg.com/brace-expansion/-/brace-expansion-1.1.11.tgz#3c7fcbf529d87226f3d2f52b966ff5271eb441dd"
  dependencies:
    balanced-match "^1.0.0"
    concat-map "0.0.1"

camelcase@^4.0.0:
  version "4.1.0"
  resolved "https://registry.yarnpkg.com/camelcase/-/camelcase-4.1.0.tgz#d545635be1e33c542649c69173e5de6acfae34dd"

capture-stack-trace@^1.0.0:
  version "1.0.1"
  resolved "https://registry.yarnpkg.com/capture-stack-trace/-/capture-stack-trace-1.0.1.tgz#a6c0bbe1f38f3aa0b92238ecb6ff42c344d4135d"

chalk@^1.1.3:
  version "1.1.3"
  resolved "https://registry.yarnpkg.com/chalk/-/chalk-1.1.3.tgz#a8115c55e4a702fe4d150abd3872822a7e09fc98"
  dependencies:
    ansi-styles "^2.2.1"
    escape-string-regexp "^1.0.2"
    has-ansi "^2.0.0"
    strip-ansi "^3.0.0"
    supports-color "^2.0.0"

chalk@^2.0.1:
  version "2.4.2"
  resolved "https://registry.yarnpkg.com/chalk/-/chalk-2.4.2.tgz#cd42541677a54333cf541a49108c1432b44c9424"
  dependencies:
    ansi-styles "^3.2.1"
    escape-string-regexp "^1.0.5"
    supports-color "^5.3.0"

ci-info@^1.5.0:
  version "1.6.0"
  resolved "https://registry.yarnpkg.com/ci-info/-/ci-info-1.6.0.tgz#2ca20dbb9ceb32d4524a683303313f0304b1e497"

cli-boxes@^1.0.0:
  version "1.0.0"
  resolved "https://registry.yarnpkg.com/cli-boxes/-/cli-boxes-1.0.0.tgz#4fa917c3e59c94a004cd61f8ee509da651687143"

color-convert@^1.9.0:
  version "1.9.3"
  resolved "https://registry.yarnpkg.com/color-convert/-/color-convert-1.9.3.tgz#bb71850690e1f136567de629d2d5471deda4c1e8"
  dependencies:
    color-name "1.1.3"

color-name@1.1.3:
  version "1.1.3"
  resolved "https://registry.yarnpkg.com/color-name/-/color-name-1.1.3.tgz#a7d0558bd89c42f795dd42328f740831ca53bc25"

commander@^2.19.0:
  version "2.20.0"
  resolved "https://registry.yarnpkg.com/commander/-/commander-2.20.0.tgz#d58bb2b5c1ee8f87b0d340027e9e94e222c5a422"

comment-json@^1.1.3:
  version "1.1.3"
  resolved "https://registry.yarnpkg.com/comment-json/-/comment-json-1.1.3.tgz#6986c3330fee0c4c9e00c2398cd61afa5d8f239e"
  dependencies:
    json-parser "^1.0.0"

concat-map@0.0.1:
  version "0.0.1"
  resolved "https://registry.yarnpkg.com/concat-map/-/concat-map-0.0.1.tgz#d8a96bd77fd68df7793a73036a3ba0d5405d477b"

configstore@^3.0.0:
  version "3.1.2"
  resolved "https://registry.yarnpkg.com/configstore/-/configstore-3.1.2.tgz#c6f25defaeef26df12dd33414b001fe81a543f8f"
  dependencies:
    dot-prop "^4.1.0"
    graceful-fs "^4.1.2"
    make-dir "^1.0.0"
    unique-string "^1.0.0"
    write-file-atomic "^2.0.0"
    xdg-basedir "^3.0.0"

create-error-class@^3.0.0:
  version "3.0.2"
  resolved "https://registry.yarnpkg.com/create-error-class/-/create-error-class-3.0.2.tgz#06be7abef947a3f14a30fd610671d401bca8b7b6"
  dependencies:
    capture-stack-trace "^1.0.0"

cross-spawn@^5.0.1:
  version "5.1.0"
  resolved "https://registry.yarnpkg.com/cross-spawn/-/cross-spawn-5.1.0.tgz#e8bd0efee58fcff6f8f94510a0a554bbfa235449"
  dependencies:
    lru-cache "^4.0.1"
    shebang-command "^1.2.0"
    which "^1.2.9"

crypto-random-string@^1.0.0:
  version "1.0.0"
  resolved "https://registry.yarnpkg.com/crypto-random-string/-/crypto-random-string-1.0.0.tgz#a230f64f568310e1498009940790ec99545bca7e"

deep-extend@^0.6.0:
  version "0.6.0"
  resolved "https://registry.yarnpkg.com/deep-extend/-/deep-extend-0.6.0.tgz#c4fa7c95404a17a9c3e8ca7e1537312b736330ac"

detect-indent@^5.0.0:
  version "5.0.0"
  resolved "https://registry.yarnpkg.com/detect-indent/-/detect-indent-5.0.0.tgz#3871cc0a6a002e8c3e5b3cf7f336264675f06b9d"

dot-prop@^4.1.0:
  version "4.2.0"
  resolved "https://registry.yarnpkg.com/dot-prop/-/dot-prop-4.2.0.tgz#1f19e0c2e1aa0e32797c49799f2837ac6af69c57"
  dependencies:
    is-obj "^1.0.0"

duplexer3@^0.1.4:
  version "0.1.4"
  resolved "https://registry.yarnpkg.com/duplexer3/-/duplexer3-0.1.4.tgz#ee01dd1cac0ed3cbc7fdbea37dc0a8f1ce002ce2"

editorconfig-to-prettier@0.0.6:
  version "0.0.6"
  resolved "https://registry.yarnpkg.com/editorconfig-to-prettier/-/editorconfig-to-prettier-0.0.6.tgz#d79bc1a2574e0a94315dd43da3275f92f9331b27"

editorconfig@^0.15.0:
  version "0.15.3"
  resolved "https://registry.yarnpkg.com/editorconfig/-/editorconfig-0.15.3.tgz#bef84c4e75fb8dcb0ce5cee8efd51c15999befc5"
  dependencies:
    commander "^2.19.0"
    lru-cache "^4.1.5"
    semver "^5.6.0"
    sigmund "^1.0.1"

escape-string-regexp@^1.0.2, escape-string-regexp@^1.0.5:
  version "1.0.5"
  resolved "https://registry.yarnpkg.com/escape-string-regexp/-/escape-string-regexp-1.0.5.tgz#1b61c0562190a8dff6ae3bb2cf0200ca130b86d4"

esprima@^2.7.0:
  version "2.7.3"
  resolved "https://registry.yarnpkg.com/esprima/-/esprima-2.7.3.tgz#96e3b70d5779f6ad49cd032673d1c312767ba581"

esprima@^4.0.0:
  version "4.0.1"
  resolved "https://registry.yarnpkg.com/esprima/-/esprima-4.0.1.tgz#13b04cdb3e6c5d19df91ab6987a8695619b0aa71"

esutils@^2.0.2:
  version "2.0.2"
  resolved "https://registry.yarnpkg.com/esutils/-/esutils-2.0.2.tgz#0abf4f1caa5bcb1f7a9d8acc6dea4faaa04bac9b"

execa@^0.7.0:
  version "0.7.0"
  resolved "https://registry.yarnpkg.com/execa/-/execa-0.7.0.tgz#944becd34cc41ee32a63a9faf27ad5a65fc59777"
  dependencies:
    cross-spawn "^5.0.1"
    get-stream "^3.0.0"
    is-stream "^1.1.0"
    npm-run-path "^2.0.0"
    p-finally "^1.0.0"
    signal-exit "^3.0.0"
    strip-eof "^1.0.0"

extend-shallow@^2.0.1:
  version "2.0.1"
  resolved "https://registry.yarnpkg.com/extend-shallow/-/extend-shallow-2.0.1.tgz#51af7d614ad9a9f610ea1bafbb989d6b1c56890f"
  dependencies:
    is-extendable "^0.1.0"

extend@^3.0.0:
  version "3.0.2"
  resolved "https://registry.yarnpkg.com/extend/-/extend-3.0.2.tgz#f8b1136b4071fbd8eb140aff858b1019ec2915fa"

find-up@^3.0.0:
  version "3.0.0"
  resolved "https://registry.yarnpkg.com/find-up/-/find-up-3.0.0.tgz#49169f1d7993430646da61ecc5ae355c21c97b73"
  dependencies:
    locate-path "^3.0.0"

fs-exists-sync@^0.1.0:
  version "0.1.0"
  resolved "https://registry.yarnpkg.com/fs-exists-sync/-/fs-exists-sync-0.1.0.tgz#982d6893af918e72d08dec9e8673ff2b5a8d6add"

fs-extra@^7.0.0:
  version "7.0.1"
  resolved "https://registry.yarnpkg.com/fs-extra/-/fs-extra-7.0.1.tgz#4f189c44aa123b895f722804f55ea23eadc348e9"
  dependencies:
    graceful-fs "^4.1.2"
    jsonfile "^4.0.0"
    universalify "^0.1.0"

fs.realpath@^1.0.0:
  version "1.0.0"
  resolved "https://registry.yarnpkg.com/fs.realpath/-/fs.realpath-1.0.0.tgz#1504ad2523158caa40db4a2787cb01411994ea4f"

get-stream@^3.0.0:
  version "3.0.0"
  resolved "https://registry.yarnpkg.com/get-stream/-/get-stream-3.0.0.tgz#8e943d1358dc37555054ecbe2edb05aa174ede14"

git-config-path@^1.0.1:
  version "1.0.1"
  resolved "https://registry.yarnpkg.com/git-config-path/-/git-config-path-1.0.1.tgz#6d33f7ed63db0d0e118131503bab3aca47d54664"
  dependencies:
    extend-shallow "^2.0.1"
    fs-exists-sync "^0.1.0"
    homedir-polyfill "^1.0.0"

git-username@^1.0.0:
  version "1.0.0"
  resolved "https://registry.yarnpkg.com/git-username/-/git-username-1.0.0.tgz#5e31ef29efe15c184cfaa5ed23212c89b0fcf123"
  dependencies:
    parse-github-url "^1.0.2"
    remote-origin-url "^1.0.0"

glob@^7.1.2:
  version "7.1.4"
  resolved "https://registry.yarnpkg.com/glob/-/glob-7.1.4.tgz#aa608a2f6c577ad357e1ae5a5c26d9a8d1969255"
  dependencies:
    fs.realpath "^1.0.0"
    inflight "^1.0.4"
    inherits "2"
    minimatch "^3.0.4"
    once "^1.3.0"
    path-is-absolute "^1.0.0"

global-dirs@^0.1.0:
  version "0.1.1"
  resolved "https://registry.yarnpkg.com/global-dirs/-/global-dirs-0.1.1.tgz#b319c0dd4607f353f3be9cca4c72fc148c49f445"
  dependencies:
    ini "^1.3.4"

got@^6.7.1:
  version "6.7.1"
  resolved "https://registry.yarnpkg.com/got/-/got-6.7.1.tgz#240cd05785a9a18e561dc1b44b41c763ef1e8db0"
  dependencies:
    create-error-class "^3.0.0"
    duplexer3 "^0.1.4"
    get-stream "^3.0.0"
    is-redirect "^1.0.0"
    is-retry-allowed "^1.0.0"
    is-stream "^1.0.0"
    lowercase-keys "^1.0.0"
    safe-buffer "^5.0.1"
    timed-out "^4.0.0"
    unzip-response "^2.0.1"
    url-parse-lax "^1.0.0"

graceful-fs@^4.1.11, graceful-fs@^4.1.2, graceful-fs@^4.1.6:
  version "4.1.15"
  resolved "https://registry.yarnpkg.com/graceful-fs/-/graceful-fs-4.1.15.tgz#ffb703e1066e8a0eeaa4c8b80ba9253eeefbfb00"

has-ansi@^2.0.0:
  version "2.0.0"
  resolved "https://registry.yarnpkg.com/has-ansi/-/has-ansi-2.0.0.tgz#34f5049ce1ecdf2b0649af3ef24e45ed35416d91"
  dependencies:
    ansi-regex "^2.0.0"

has-flag@^3.0.0:
  version "3.0.0"
  resolved "https://registry.yarnpkg.com/has-flag/-/has-flag-3.0.0.tgz#b5d454dc2199ae225699f3467e5a07f3b955bafd"

homedir-polyfill@^1.0.0:
  version "1.0.3"
  resolved "https://registry.yarnpkg.com/homedir-polyfill/-/homedir-polyfill-1.0.3.tgz#743298cef4e5af3e194161fbadcc2151d3a058e8"
  dependencies:
    parse-passwd "^1.0.0"

import-lazy@^2.1.0:
  version "2.1.0"
  resolved "https://registry.yarnpkg.com/import-lazy/-/import-lazy-2.1.0.tgz#05698e3d45c88e8d7e9d92cb0584e77f096f3e43"

imurmurhash@^0.1.4:
  version "0.1.4"
  resolved "https://registry.yarnpkg.com/imurmurhash/-/imurmurhash-0.1.4.tgz#9218b9b2b928a238b13dc4fb6b6d576f231453ea"

inflight@^1.0.4:
  version "1.0.6"
  resolved "https://registry.yarnpkg.com/inflight/-/inflight-1.0.6.tgz#49bd6331d7d02d0c09bc910a1075ba8165b56df9"
  dependencies:
    once "^1.3.0"
    wrappy "1"

inherits@2:
  version "2.0.3"
  resolved "https://registry.yarnpkg.com/inherits/-/inherits-2.0.3.tgz#633c2c83e3da42a502f52466022480f4208261de"

ini@^1.3.4, ini@~1.3.0:
  version "1.3.5"
  resolved "https://registry.yarnpkg.com/ini/-/ini-1.3.5.tgz#eee25f56db1c9ec6085e0c22778083f596abf927"

is-ci@^1.0.10:
  version "1.2.1"
  resolved "https://registry.yarnpkg.com/is-ci/-/is-ci-1.2.1.tgz#e3779c8ee17fccf428488f6e281187f2e632841c"
  dependencies:
    ci-info "^1.5.0"

is-directory@^0.3.1:
  version "0.3.1"
  resolved "https://registry.yarnpkg.com/is-directory/-/is-directory-0.3.1.tgz#61339b6f2475fc772fd9c9d83f5c8575dc154ae1"

is-extendable@^0.1.0:
  version "0.1.1"
  resolved "https://registry.yarnpkg.com/is-extendable/-/is-extendable-0.1.1.tgz#62b110e289a471418e3ec36a617d472e301dfc89"

is-fullwidth-code-point@^2.0.0:
  version "2.0.0"
  resolved "https://registry.yarnpkg.com/is-fullwidth-code-point/-/is-fullwidth-code-point-2.0.0.tgz#a3b30a5c4f199183167aaab93beefae3ddfb654f"

is-installed-globally@^0.1.0:
  version "0.1.0"
  resolved "https://registry.yarnpkg.com/is-installed-globally/-/is-installed-globally-0.1.0.tgz#0dfd98f5a9111716dd535dda6492f67bf3d25a80"
  dependencies:
    global-dirs "^0.1.0"
    is-path-inside "^1.0.0"

is-npm@^1.0.0:
  version "1.0.0"
  resolved "https://registry.yarnpkg.com/is-npm/-/is-npm-1.0.0.tgz#f2fb63a65e4905b406c86072765a1a4dc793b9f4"

is-obj@^1.0.0:
  version "1.0.1"
  resolved "https://registry.yarnpkg.com/is-obj/-/is-obj-1.0.1.tgz#3e4729ac1f5fde025cd7d83a896dab9f4f67db0f"

is-path-inside@^1.0.0:
  version "1.0.1"
  resolved "https://registry.yarnpkg.com/is-path-inside/-/is-path-inside-1.0.1.tgz#8ef5b7de50437a3fdca6b4e865ef7aa55cb48036"
  dependencies:
    path-is-inside "^1.0.1"

is-redirect@^1.0.0:
  version "1.0.0"
  resolved "https://registry.yarnpkg.com/is-redirect/-/is-redirect-1.0.0.tgz#1d03dded53bd8db0f30c26e4f95d36fc7c87dc24"

is-retry-allowed@^1.0.0:
  version "1.1.0"
  resolved "https://registry.yarnpkg.com/is-retry-allowed/-/is-retry-allowed-1.1.0.tgz#11a060568b67339444033d0125a61a20d564fb34"

is-stream@^1.0.0, is-stream@^1.1.0:
  version "1.1.0"
  resolved "https://registry.yarnpkg.com/is-stream/-/is-stream-1.1.0.tgz#12d4a3dd4e68e0b79ceb8dbc84173ae80d91ca44"

isexe@^2.0.0:
  version "2.0.0"
  resolved "https://registry.yarnpkg.com/isexe/-/isexe-2.0.0.tgz#e8fbf374dc556ff8947a10dcb0572d633f2cfa10"

js-tokens@^3.0.2:
  version "3.0.2"
  resolved "https://registry.yarnpkg.com/js-tokens/-/js-tokens-3.0.2.tgz#9866df395102130e38f7f996bceb65443209c25b"

js-yaml@^3.12.0:
  version "3.13.1"
  resolved "https://registry.yarnpkg.com/js-yaml/-/js-yaml-3.13.1.tgz#aff151b30bfdfa8e49e05da22e7415e9dfa37847"
  dependencies:
    argparse "^1.0.7"
    esprima "^4.0.0"

json-parser@^1.0.0:
  version "1.1.5"
  resolved "https://registry.yarnpkg.com/json-parser/-/json-parser-1.1.5.tgz#e62ec5261d1a6a5fc20e812a320740c6d9005677"
  dependencies:
    esprima "^2.7.0"

jsonfile@^4.0.0:
  version "4.0.0"
  resolved "https://registry.yarnpkg.com/jsonfile/-/jsonfile-4.0.0.tgz#8771aae0799b64076b76640fca058f9c10e33ecb"
  optionalDependencies:
    graceful-fs "^4.1.6"

kleur@^1.0.0:
  version "1.0.2"
  resolved "https://registry.yarnpkg.com/kleur/-/kleur-1.0.2.tgz#637f126d3cda40a423b1297da88cf753bd04ebdd"

kleur@^2.0.2:
  version "2.0.2"
  resolved "https://registry.yarnpkg.com/kleur/-/kleur-2.0.2.tgz#b704f4944d95e255d038f0cb05fb8a602c55a300"

latest-version@^3.0.0:
  version "3.1.0"
  resolved "https://registry.yarnpkg.com/latest-version/-/latest-version-3.1.0.tgz#a205383fea322b33b5ae3b18abee0dc2f356ee15"
  dependencies:
    package-json "^4.0.0"

listify@^1.0.0:
  version "1.0.0"
  resolved "https://registry.yarnpkg.com/listify/-/listify-1.0.0.tgz#03ca7ba2d150d4267773f74e57558d1053d2bee3"

locate-path@^3.0.0:
  version "3.0.0"
  resolved "https://registry.yarnpkg.com/locate-path/-/locate-path-3.0.0.tgz#dbec3b3ab759758071b58fe59fc41871af21400e"
  dependencies:
    p-locate "^3.0.0"
    path-exists "^3.0.0"

lodash@^4.17.10, lodash@^4.17.5:
  version "4.17.11"
  resolved "https://registry.yarnpkg.com/lodash/-/lodash-4.17.11.tgz#b39ea6229ef607ecd89e2c8df12536891cac9b8d"

longest@^2.0.1:
  version "2.0.1"
  resolved "https://registry.yarnpkg.com/longest/-/longest-2.0.1.tgz#781e183296aa94f6d4d916dc335d0d17aefa23f8"

lowercase-keys@^1.0.0:
  version "1.0.1"
  resolved "https://registry.yarnpkg.com/lowercase-keys/-/lowercase-keys-1.0.1.tgz#6f9e30b47084d971a7c820ff15a6c5167b74c26f"

lru-cache@^4.0.1, lru-cache@^4.1.5:
  version "4.1.5"
  resolved "https://registry.yarnpkg.com/lru-cache/-/lru-cache-4.1.5.tgz#8bbe50ea85bed59bc9e33dcab8235ee9bcf443cd"
  dependencies:
    pseudomap "^1.0.2"
    yallist "^2.1.2"

make-dir@^1.0.0:
  version "1.3.0"
  resolved "https://registry.yarnpkg.com/make-dir/-/make-dir-1.3.0.tgz#79c1033b80515bd6d24ec9933e860ca75ee27f0c"
  dependencies:
    pify "^3.0.0"

middleearth-names@^1.1.0:
  version "1.1.0"
  resolved "https://registry.yarnpkg.com/middleearth-names/-/middleearth-names-1.1.0.tgz#c1d5ee48defb368128fbaebfebce8847cd18ddff"
  dependencies:
    unique-random-array "1.0.0"

minimatch@^3.0.4:
  version "3.0.4"
  resolved "https://registry.yarnpkg.com/minimatch/-/minimatch-3.0.4.tgz#5166e286457f03306064be5497e8dbb0c3d32083"
  dependencies:
    brace-expansion "^1.1.7"

minimist@^1.2.0:
  version "1.2.0"
  resolved "https://registry.yarnpkg.com/minimist/-/minimist-1.2.0.tgz#a35008b20f41383eec1fb914f4cd5df79a264284"

mrm-core@^3.1.2, mrm-core@^3.3.0:
  version "3.3.0"
  resolved "https://registry.yarnpkg.com/mrm-core/-/mrm-core-3.3.0.tgz#5abc521285915c1318f361514f6068487437c421"
  dependencies:
    babel-code-frame "^6.26.0"
    comment-json "^1.1.3"
    detect-indent "^5.0.0"
    editorconfig "^0.15.0"
    find-up "^3.0.0"
    fs-extra "^7.0.0"
    js-yaml "^3.12.0"
    kleur "^2.0.2"
    listify "^1.0.0"
    lodash "^4.17.10"
    minimist "^1.2.0"
    prop-ini "^0.0.2"
    readme-badger "^0.3.0"
    semver "^5.5.1"
    smpltmpl "^1.0.2"
    split-lines "^2.0.0"
    strip-bom "^3.0.0"
    webpack-merge "^4.1.4"

mrm-preset-default@^1.8.0:
  version "1.11.0"
  resolved "https://registry.yarnpkg.com/mrm-preset-default/-/mrm-preset-default-1.11.0.tgz#573145fb26cf2c99d9bf0fe75c311d5bac9c733a"
  dependencies:
    mrm-core "^3.3.0"
    mrm-task-codecov "^1.0.3"
    mrm-task-contributing "^1.1.0"
    mrm-task-editorconfig "^1.1.0"
    mrm-task-eslint "^1.2.0"
    mrm-task-gitignore "^1.1.3"
    mrm-task-jest "^1.2.4"
    mrm-task-license "^1.2.3"
    mrm-task-lint-staged "^1.4.1"
    mrm-task-package "^1.1.2"
    mrm-task-prettier "^1.2.5"
    mrm-task-readme "^1.1.3"
    mrm-task-semantic-release "^2.2.0"
    mrm-task-styleguidist "^1.0.3"
    mrm-task-stylelint "^2.0.3"
    mrm-task-travis "^1.1.2"
    mrm-task-typescript "^1.0.3"

mrm-task-codecov@^1.0.3:
  version "1.0.3"
  resolved "https://registry.yarnpkg.com/mrm-task-codecov/-/mrm-task-codecov-1.0.3.tgz#358ff9a9d9b2604006aa4795efd54e91ab87435f"
  dependencies:
    git-username "^1.0.0"
    mrm-core "^3.3.0"

mrm-task-contributing@^1.1.0:
  version "1.1.0"
  resolved "https://registry.yarnpkg.com/mrm-task-contributing/-/mrm-task-contributing-1.1.0.tgz#566564837af3184ce37c0b917e9d0a3d125f5569"
  dependencies:
    git-username "^1.0.0"
    mrm-core "^3.3.0"

mrm-task-editorconfig@^1.1.0:
  version "1.1.0"
  resolved "https://registry.yarnpkg.com/mrm-task-editorconfig/-/mrm-task-editorconfig-1.1.0.tgz#af05c0be7a6ab280dac07f03038127ed8765f9f2"
  dependencies:
    mrm-core "^3.3.0"

mrm-task-eslint@^1.2.0:
  version "1.2.0"
  resolved "https://registry.yarnpkg.com/mrm-task-eslint/-/mrm-task-eslint-1.2.0.tgz#b45ecc1561af0805c89e947275a0938247b59236"
  dependencies:
    mrm-core "^3.3.0"

mrm-task-gitignore@^1.1.3:
  version "1.1.3"
  resolved "https://registry.yarnpkg.com/mrm-task-gitignore/-/mrm-task-gitignore-1.1.3.tgz#7be3676bcc31dbfddbf6e98a8290a220bb6d9029"
  dependencies:
    mrm-core "^3.3.0"

mrm-task-jest@^1.2.4:
  version "1.2.4"
  resolved "https://registry.yarnpkg.com/mrm-task-jest/-/mrm-task-jest-1.2.4.tgz#98cb23f7ae393333a9f8eea8cfd8e8d2ca67b2b6"
  dependencies:
    lodash "^4.17.10"
    mrm-core "^3.3.0"

mrm-task-license@^1.2.3:
  version "1.2.3"
  resolved "https://registry.yarnpkg.com/mrm-task-license/-/mrm-task-license-1.2.3.tgz#791488da3e8b7fc406b83437bdcd28c727e88f93"
  dependencies:
    mrm-core "^3.3.0"
    user-meta "^1.0.0"

mrm-task-lint-staged@^1.4.1:
  version "1.4.1"
  resolved "https://registry.yarnpkg.com/mrm-task-lint-staged/-/mrm-task-lint-staged-1.4.1.tgz#ad57fac396982986137ec43a01e9cc16b5ac8ee2"
  dependencies:
    mrm-core "^3.3.0"
    semver "^5.5.1"

mrm-task-package@^1.1.2:
  version "1.1.2"
  resolved "https://registry.yarnpkg.com/mrm-task-package/-/mrm-task-package-1.1.2.tgz#93c1cac71324af6f4ee9986733fe72f0dc43546c"
  dependencies:
    git-username "^1.0.0"
    mrm-core "^3.3.0"
    user-meta "^1.0.0"

mrm-task-prettier@^1.2.5:
  version "1.2.5"
  resolved "https://registry.yarnpkg.com/mrm-task-prettier/-/mrm-task-prettier-1.2.5.tgz#d0c841e622f24e136fb459a98f18cb22c4dbcb5b"
  dependencies:
    editorconfig-to-prettier "0.0.6"
    mrm-core "^3.3.0"

mrm-task-readme@^1.1.3:
  version "1.1.3"
  resolved "https://registry.yarnpkg.com/mrm-task-readme/-/mrm-task-readme-1.1.3.tgz#764605d355fea9e969236a77c68fd5924f274e59"
  dependencies:
    git-username "^1.0.0"
    mrm-core "^3.3.0"
    user-meta "^1.0.0"

mrm-task-semantic-release@^2.2.0:
  version "2.2.0"
  resolved "https://registry.yarnpkg.com/mrm-task-semantic-release/-/mrm-task-semantic-release-2.2.0.tgz#fa7019960020557b29c203b4fce504753f911184"
  dependencies:
    mrm-core "^3.3.0"

mrm-task-styleguidist@^1.0.3:
  version "1.0.3"
  resolved "https://registry.yarnpkg.com/mrm-task-styleguidist/-/mrm-task-styleguidist-1.0.3.tgz#705e0cdc6cc08c195d84eeee494ddf7db64963bd"
  dependencies:
    mrm-core "^3.3.0"

mrm-task-stylelint@^2.0.3:
  version "2.0.3"
  resolved "https://registry.yarnpkg.com/mrm-task-stylelint/-/mrm-task-stylelint-2.0.3.tgz#d4461cfbe41266c521bdce4d470f3ce1624d04d1"
  dependencies:
    mrm-core "^3.3.0"

mrm-task-travis@^1.1.2:
  version "1.1.2"
  resolved "https://registry.yarnpkg.com/mrm-task-travis/-/mrm-task-travis-1.1.2.tgz#db109dce54218250f5a6545df14410f377f52bc6"
  dependencies:
    git-username "^1.0.0"
    lodash "^4.17.10"
    mrm-core "^3.3.0"
    semver-utils "^1.1.2"

mrm-task-typescript@^1.0.3:
  version "1.0.3"
  resolved "https://registry.yarnpkg.com/mrm-task-typescript/-/mrm-task-typescript-1.0.3.tgz#8df307287c1a10bc896d0bf85cc056c16ccfdadb"
  dependencies:
    mrm-core "^3.3.0"

mrm@^1.2.2:
  version "1.2.2"
  resolved "https://registry.yarnpkg.com/mrm/-/mrm-1.2.2.tgz#37da41b45d839e10704e0920cbe44e9ae1409675"
  dependencies:
    git-username "^1.0.0"
    glob "^7.1.2"
    is-directory "^0.3.1"
    kleur "^1.0.0"
    listify "^1.0.0"
    lodash "^4.17.10"
    longest "^2.0.1"
    middleearth-names "^1.1.0"
    minimist "^1.2.0"
    mrm-core "^3.1.2"
    mrm-preset-default "^1.8.0"
    requireg "^0.1.8"
    semver-utils "^1.1.2"
    update-notifier "^2.5.0"
    user-home "^2.0.0"
    user-meta "^1.0.0"

nested-error-stacks@~2.0.1:
  version "2.0.1"
  resolved "https://registry.yarnpkg.com/nested-error-stacks/-/nested-error-stacks-2.0.1.tgz#d2cc9fc5235ddb371fc44d506234339c8e4b0a4b"

npm-run-path@^2.0.0:
  version "2.0.2"
  resolved "https://registry.yarnpkg.com/npm-run-path/-/npm-run-path-2.0.2.tgz#35a9232dfa35d7067b4cb2ddf2357b1871536c5f"
  dependencies:
    path-key "^2.0.0"

once@^1.3.0:
  version "1.4.0"
  resolved "https://registry.yarnpkg.com/once/-/once-1.4.0.tgz#583b1aa775961d4b113ac17d9c50baef9dd76bd1"
  dependencies:
    wrappy "1"

os-homedir@^1.0.0:
  version "1.0.2"
  resolved "https://registry.yarnpkg.com/os-homedir/-/os-homedir-1.0.2.tgz#ffbc4988336e0e833de0c168c7ef152121aa7fb3"

p-finally@^1.0.0:
  version "1.0.0"
  resolved "https://registry.yarnpkg.com/p-finally/-/p-finally-1.0.0.tgz#3fbcfb15b899a44123b34b6dcc18b724336a2cae"

p-limit@^2.0.0:
  version "2.2.0"
  resolved "https://registry.yarnpkg.com/p-limit/-/p-limit-2.2.0.tgz#417c9941e6027a9abcba5092dd2904e255b5fbc2"
  dependencies:
    p-try "^2.0.0"

p-locate@^3.0.0:
  version "3.0.0"
  resolved "https://registry.yarnpkg.com/p-locate/-/p-locate-3.0.0.tgz#322d69a05c0264b25997d9f40cd8a891ab0064a4"
  dependencies:
    p-limit "^2.0.0"

p-try@^2.0.0:
  version "2.2.0"
  resolved "https://registry.yarnpkg.com/p-try/-/p-try-2.2.0.tgz#cb2868540e313d61de58fafbe35ce9004d5540e6"

package-json@^4.0.0:
  version "4.0.1"
  resolved "https://registry.yarnpkg.com/package-json/-/package-json-4.0.1.tgz#8869a0401253661c4c4ca3da6c2121ed555f5eed"
  dependencies:
    got "^6.7.1"
    registry-auth-token "^3.0.1"
    registry-url "^3.0.3"
    semver "^5.1.0"

parse-git-config@^1.1.1:
  version "1.1.1"
  resolved "https://registry.yarnpkg.com/parse-git-config/-/parse-git-config-1.1.1.tgz#d3a9984317132f57398712bba438e129590ddf8c"
  dependencies:
    extend-shallow "^2.0.1"
    fs-exists-sync "^0.1.0"
    git-config-path "^1.0.1"
    ini "^1.3.4"

parse-github-url@^1.0.2:
  version "1.0.2"
  resolved "https://registry.yarnpkg.com/parse-github-url/-/parse-github-url-1.0.2.tgz#242d3b65cbcdda14bb50439e3242acf6971db395"

parse-passwd@^1.0.0:
  version "1.0.0"
  resolved "https://registry.yarnpkg.com/parse-passwd/-/parse-passwd-1.0.0.tgz#6d5b934a456993b23d37f40a382d6f1666a8e5c6"

path-exists@^3.0.0:
  version "3.0.0"
  resolved "https://registry.yarnpkg.com/path-exists/-/path-exists-3.0.0.tgz#ce0ebeaa5f78cb18925ea7d810d7b59b010fd515"

path-is-absolute@^1.0.0:
  version "1.0.1"
  resolved "https://registry.yarnpkg.com/path-is-absolute/-/path-is-absolute-1.0.1.tgz#174b9268735534ffbc7ace6bf53a5a9e1b5c5f5f"

path-is-inside@^1.0.1:
  version "1.0.2"
  resolved "https://registry.yarnpkg.com/path-is-inside/-/path-is-inside-1.0.2.tgz#365417dede44430d1c11af61027facf074bdfc53"

path-key@^2.0.0:
  version "2.0.1"
  resolved "https://registry.yarnpkg.com/path-key/-/path-key-2.0.1.tgz#411cadb574c5a140d3a4b1910d40d80cc9f40b40"

path-parse@^1.0.5:
  version "1.0.6"
  resolved "https://registry.yarnpkg.com/path-parse/-/path-parse-1.0.6.tgz#d62dbb5679405d72c4737ec58600e9ddcf06d24c"

pify@^3.0.0:
  version "3.0.0"
  resolved "https://registry.yarnpkg.com/pify/-/pify-3.0.0.tgz#e5a4acd2c101fdf3d9a4d07f0dbc4db49dd28176"

prepend-http@^1.0.1:
  version "1.0.4"
  resolved "https://registry.yarnpkg.com/prepend-http/-/prepend-http-1.0.4.tgz#d4f4562b0ce3696e41ac52d0e002e57a635dc6dc"

prop-ini@^0.0.2:
  version "0.0.2"
  resolved "https://registry.yarnpkg.com/prop-ini/-/prop-ini-0.0.2.tgz#6733a7cb5242acab2be42e607583d8124b172a5b"
  dependencies:
    extend "^3.0.0"

pseudomap@^1.0.2:
  version "1.0.2"
  resolved "https://registry.yarnpkg.com/pseudomap/-/pseudomap-1.0.2.tgz#f052a28da70e618917ef0a8ac34c1ae5a68286b3"

rc@^1.0.1, rc@^1.1.6, rc@^1.2.1, rc@~1.2.7:
  version "1.2.8"
  resolved "https://registry.yarnpkg.com/rc/-/rc-1.2.8.tgz#cd924bf5200a075b83c188cd6b9e211b7fc0d3ed"
  dependencies:
    deep-extend "^0.6.0"
    ini "~1.3.0"
    minimist "^1.2.0"
    strip-json-comments "~2.0.1"

readme-badger@^0.3.0:
  version "0.3.0"
  resolved "https://registry.yarnpkg.com/readme-badger/-/readme-badger-0.3.0.tgz#87007f3c3e0c445e545134a305d8e3068fe9cd6e"
  dependencies:
    balanced-match "^1.0.0"

registry-auth-token@^3.0.1:
  version "3.4.0"
  resolved "https://registry.yarnpkg.com/registry-auth-token/-/registry-auth-token-3.4.0.tgz#d7446815433f5d5ed6431cd5dca21048f66b397e"
  dependencies:
    rc "^1.1.6"
    safe-buffer "^5.0.1"

registry-url@^3.0.3:
  version "3.1.0"
  resolved "https://registry.yarnpkg.com/registry-url/-/registry-url-3.1.0.tgz#3d4ef870f73dde1d77f0cf9a381432444e174942"
  dependencies:
    rc "^1.0.1"

remote-origin-url@^1.0.0:
  version "1.0.0"
  resolved "https://registry.yarnpkg.com/remote-origin-url/-/remote-origin-url-1.0.0.tgz#add020aa5f1a0b37372858e02b323dc28d4cd030"
  dependencies:
    parse-git-config "^1.1.1"

requireg@^0.1.8:
  version "0.1.8"
  resolved "https://registry.yarnpkg.com/requireg/-/requireg-0.1.8.tgz#75c1d495294fa5ddfd51e4fcca4965c44f1ed8b1"
  dependencies:
    nested-error-stacks "~2.0.1"
    rc "~1.2.7"
    resolve "~1.7.1"

resolve@~1.7.1:
  version "1.7.1"
  resolved "https://registry.yarnpkg.com/resolve/-/resolve-1.7.1.tgz#aadd656374fd298aee895bc026b8297418677fd3"
  dependencies:
    path-parse "^1.0.5"

safe-buffer@^5.0.1:
  version "5.1.2"
  resolved "https://registry.yarnpkg.com/safe-buffer/-/safe-buffer-5.1.2.tgz#991ec69d296e0313747d59bdfd2b745c35f8828d"

semver-diff@^2.0.0:
  version "2.1.0"
  resolved "https://registry.yarnpkg.com/semver-diff/-/semver-diff-2.1.0.tgz#4bbb8437c8d37e4b0cf1a68fd726ec6d645d6d36"
  dependencies:
    semver "^5.0.3"

semver-utils@^1.1.2:
  version "1.1.4"
  resolved "https://registry.yarnpkg.com/semver-utils/-/semver-utils-1.1.4.tgz#cf0405e669a57488913909fc1c3f29bf2a4871e2"

semver@^5.0.3, semver@^5.1.0, semver@^5.5.1, semver@^5.6.0:
  version "5.7.0"
  resolved "https://registry.yarnpkg.com/semver/-/semver-5.7.0.tgz#790a7cf6fea5459bac96110b29b60412dc8ff96b"

shebang-command@^1.2.0:
  version "1.2.0"
  resolved "https://registry.yarnpkg.com/shebang-command/-/shebang-command-1.2.0.tgz#44aac65b695b03398968c39f363fee5deafdf1ea"
  dependencies:
    shebang-regex "^1.0.0"

shebang-regex@^1.0.0:
  version "1.0.0"
  resolved "https://registry.yarnpkg.com/shebang-regex/-/shebang-regex-1.0.0.tgz#da42f49740c0b42db2ca9728571cb190c98efea3"

sigmund@^1.0.1:
  version "1.0.1"
  resolved "https://registry.yarnpkg.com/sigmund/-/sigmund-1.0.1.tgz#3ff21f198cad2175f9f3b781853fd94d0d19b590"

signal-exit@^3.0.0, signal-exit@^3.0.2:
  version "3.0.2"
  resolved "https://registry.yarnpkg.com/signal-exit/-/signal-exit-3.0.2.tgz#b5fdc08f1287ea1178628e415e25132b73646c6d"

smpltmpl@^1.0.2:
  version "1.0.2"
  resolved "https://registry.yarnpkg.com/smpltmpl/-/smpltmpl-1.0.2.tgz#b6e9d0eedab7827455c46c98fb8b9505ae6d4a82"
  dependencies:
    babel-code-frame "^6.26.0"

split-lines@^2.0.0:
  version "2.0.0"
  resolved "https://registry.yarnpkg.com/split-lines/-/split-lines-2.0.0.tgz#13f42cdf8cf0d3f5d3fed797b80986168c06defc"

sprintf-js@~1.0.2:
  version "1.0.3"
  resolved "https://registry.yarnpkg.com/sprintf-js/-/sprintf-js-1.0.3.tgz#04e6926f662895354f3dd015203633b857297e2c"

string-width@^2.0.0, string-width@^2.1.1:
  version "2.1.1"
  resolved "https://registry.yarnpkg.com/string-width/-/string-width-2.1.1.tgz#ab93f27a8dc13d28cac815c462143a6d9012ae9e"
  dependencies:
    is-fullwidth-code-point "^2.0.0"
    strip-ansi "^4.0.0"

strip-ansi@^3.0.0:
  version "3.0.1"
  resolved "https://registry.yarnpkg.com/strip-ansi/-/strip-ansi-3.0.1.tgz#6a385fb8853d952d5ff05d0e8aaf94278dc63dcf"
  dependencies:
    ansi-regex "^2.0.0"

strip-ansi@^4.0.0:
  version "4.0.0"
  resolved "https://registry.yarnpkg.com/strip-ansi/-/strip-ansi-4.0.0.tgz#a8479022eb1ac368a871389b635262c505ee368f"
  dependencies:
    ansi-regex "^3.0.0"

strip-bom@^3.0.0:
  version "3.0.0"
  resolved "https://registry.yarnpkg.com/strip-bom/-/strip-bom-3.0.0.tgz#2334c18e9c759f7bdd56fdef7e9ae3d588e68ed3"

strip-eof@^1.0.0:
  version "1.0.0"
  resolved "https://registry.yarnpkg.com/strip-eof/-/strip-eof-1.0.0.tgz#bb43ff5598a6eb05d89b59fcd129c983313606bf"

strip-json-comments@~2.0.1:
  version "2.0.1"
  resolved "https://registry.yarnpkg.com/strip-json-comments/-/strip-json-comments-2.0.1.tgz#3c531942e908c2697c0ec344858c286c7ca0a60a"

supports-color@^2.0.0:
  version "2.0.0"
  resolved "https://registry.yarnpkg.com/supports-color/-/supports-color-2.0.0.tgz#535d045ce6b6363fa40117084629995e9df324c7"

supports-color@^5.3.0:
  version "5.5.0"
  resolved "https://registry.yarnpkg.com/supports-color/-/supports-color-5.5.0.tgz#e2e69a44ac8772f78a1ec0b35b689df6530efc8f"
  dependencies:
    has-flag "^3.0.0"

term-size@^1.2.0:
  version "1.2.0"
  resolved "https://registry.yarnpkg.com/term-size/-/term-size-1.2.0.tgz#458b83887f288fc56d6fffbfad262e26638efa69"
  dependencies:
    execa "^0.7.0"

timed-out@^4.0.0:
  version "4.0.1"
  resolved "https://registry.yarnpkg.com/timed-out/-/timed-out-4.0.1.tgz#f32eacac5a175bea25d7fab565ab3ed8741ef56f"

typescript@^3.4.5:
  version "3.4.5"
  resolved "https://registry.yarnpkg.com/typescript/-/typescript-3.4.5.tgz#2d2618d10bb566572b8d7aad5180d84257d70a99"

unique-random-array@1.0.0:
  version "1.0.0"
  resolved "https://registry.yarnpkg.com/unique-random-array/-/unique-random-array-1.0.0.tgz#42b3721c579388d8b667c93c2dbde3d5d81a9136"
  dependencies:
    unique-random "^1.0.0"

unique-random@^1.0.0:
  version "1.0.0"
  resolved "https://registry.yarnpkg.com/unique-random/-/unique-random-1.0.0.tgz#ce3e224c8242cd33a0e77b0d7180d77e6b62d0c4"

unique-string@^1.0.0:
  version "1.0.0"
  resolved "https://registry.yarnpkg.com/unique-string/-/unique-string-1.0.0.tgz#9e1057cca851abb93398f8b33ae187b99caec11a"
  dependencies:
    crypto-random-string "^1.0.0"

universalify@^0.1.0:
  version "0.1.2"
  resolved "https://registry.yarnpkg.com/universalify/-/universalify-0.1.2.tgz#b646f69be3942dabcecc9d6639c80dc105efaa66"

unzip-response@^2.0.1:
  version "2.0.1"
  resolved "https://registry.yarnpkg.com/unzip-response/-/unzip-response-2.0.1.tgz#d2f0f737d16b0615e72a6935ed04214572d56f97"

update-notifier@^2.5.0:
  version "2.5.0"
  resolved "https://registry.yarnpkg.com/update-notifier/-/update-notifier-2.5.0.tgz#d0744593e13f161e406acb1d9408b72cad08aff6"
  dependencies:
    boxen "^1.2.1"
    chalk "^2.0.1"
    configstore "^3.0.0"
    import-lazy "^2.1.0"
    is-ci "^1.0.10"
    is-installed-globally "^0.1.0"
    is-npm "^1.0.0"
    latest-version "^3.0.0"
    semver-diff "^2.0.0"
    xdg-basedir "^3.0.0"

url-parse-lax@^1.0.0:
  version "1.0.0"
  resolved "https://registry.yarnpkg.com/url-parse-lax/-/url-parse-lax-1.0.0.tgz#7af8f303645e9bd79a272e7a14ac68bc0609da73"
  dependencies:
    prepend-http "^1.0.1"

user-home@^2.0.0:
  version "2.0.0"
  resolved "https://registry.yarnpkg.com/user-home/-/user-home-2.0.0.tgz#9c70bfd8169bc1dcbf48604e0f04b8b49cde9e9f"
  dependencies:
    os-homedir "^1.0.0"

user-meta@^1.0.0:
  version "1.0.0"
  resolved "https://registry.yarnpkg.com/user-meta/-/user-meta-1.0.0.tgz#5e0417ee6da812c3f2ee0b47068e2723bb7c78a9"
  dependencies:
    rc "^1.2.1"

webpack-merge@^4.1.4:
  version "4.2.1"
  resolved "https://registry.yarnpkg.com/webpack-merge/-/webpack-merge-4.2.1.tgz#5e923cf802ea2ace4fd5af1d3247368a633489b4"
  dependencies:
    lodash "^4.17.5"

which@^1.2.9:
  version "1.3.1"
  resolved "https://registry.yarnpkg.com/which/-/which-1.3.1.tgz#a45043d54f5805316da8d62f9f50918d3da70b0a"
  dependencies:
    isexe "^2.0.0"

widest-line@^2.0.0:
  version "2.0.1"
  resolved "https://registry.yarnpkg.com/widest-line/-/widest-line-2.0.1.tgz#7438764730ec7ef4381ce4df82fb98a53142a3fc"
  dependencies:
    string-width "^2.1.1"

wrappy@1:
  version "1.0.2"
  resolved "https://registry.yarnpkg.com/wrappy/-/wrappy-1.0.2.tgz#b5243d8f3ec1aa35f1364605bc0d1036e30ab69f"

write-file-atomic@^2.0.0:
  version "2.4.2"
  resolved "https://registry.yarnpkg.com/write-file-atomic/-/write-file-atomic-2.4.2.tgz#a7181706dfba17855d221140a9c06e15fcdd87b9"
  dependencies:
    graceful-fs "^4.1.11"
    imurmurhash "^0.1.4"
    signal-exit "^3.0.2"

xdg-basedir@^3.0.0:
  version "3.0.0"
  resolved "https://registry.yarnpkg.com/xdg-basedir/-/xdg-basedir-3.0.0.tgz#496b2cc109eca8dbacfe2dc72b603c17c5870ad4"

yallist@^2.1.2:
  version "2.1.2"
  resolved "https://registry.yarnpkg.com/yallist/-/yallist-2.1.2.tgz#1c11f9218f076089a47dd512f93c6699a6a81d52"
